{
  "name": "h3",
  "version": "1.0.0",
  "lockfileVersion": 1,
  "requires": true,
  "dependencies": {
    "h3-js": {
      "version": "3.1.1",
      "resolved": "https://registry.npmjs.org/h3-js/-/h3-js-3.1.1.tgz",
      "integrity": "sha512-PWWeCChMHBm3DunVyhs882x9oldXKTsS3VRR/hV5uz37LNE0m4+4hVFLaD3bm98ALPgI43AhzgaUFUuo9HdovA=="
    }
  }
}
